// !$*UTF8*$!
{
	archiveVersion = 1;
	classes = {
	};
	objectVersion = 56;
	objects = {

/* Begin PBXBuildFile section */
		1C055F292A14CEF8009CFDD6 /* GoogleService-Info.plist in Resources */ = {isa = PBXBuildFile; fileRef = 1C055F282A14CEF8009CFDD6 /* GoogleService-Info.plist */; };
		1C055F2C2A14D075009CFDD6 /* FirebaseAnalyticsWithoutAdIdSupport in Frameworks */ = {isa = PBXBuildFile; productRef = 1C055F2B2A14D075009CFDD6 /* FirebaseAnalyticsWithoutAdIdSupport */; };
		1C055F2E2A14D075009CFDD6 /* FirebaseAuth in Frameworks */ = {isa = PBXBuildFile; productRef = 1C055F2D2A14D075009CFDD6 /* FirebaseAuth */; };
		1C055F302A14D075009CFDD6 /* FirebaseCrashlytics in Frameworks */ = {isa = PBXBuildFile; productRef = 1C055F2F2A14D075009CFDD6 /* FirebaseCrashlytics */; };
		1C055F322A14D075009CFDD6 /* FirebaseDatabase in Frameworks */ = {isa = PBXBuildFile; productRef = 1C055F312A14D075009CFDD6 /* FirebaseDatabase */; };
		1C055F342A14D075009CFDD6 /* FirebaseFirestore in Frameworks */ = {isa = PBXBuildFile; productRef = 1C055F332A14D075009CFDD6 /* FirebaseFirestore */; };
		1C055F362A14D075009CFDD6 /* FirebaseMessaging in Frameworks */ = {isa = PBXBuildFile; productRef = 1C055F352A14D075009CFDD6 /* FirebaseMessaging */; };
		1C055F382A14D075009CFDD6 /* FirebasePerformance in Frameworks */ = {isa = PBXBuildFile; productRef = 1C055F372A14D075009CFDD6 /* FirebasePerformance */; };
		1C055F3A2A14D075009CFDD6 /* FirebaseStorage in Frameworks */ = {isa = PBXBuildFile; productRef = 1C055F392A14D075009CFDD6 /* FirebaseStorage */; };
		1C0B553C2A1CB3B40052CC20 /* EKPresentation.swift in Sources */ = {isa = PBXBuildFile; fileRef = 1C0B553B2A1CB3B40052CC20 /* EKPresentation.swift */; };
		1C14D5722A0135D600B84CC9 /* MusicPlayerController.swift in Sources */ = {isa = PBXBuildFile; fileRef = 1C14D5712A0135D600B84CC9 /* MusicPlayerController.swift */; };
		1C2145AA2A20E38D00E8E800 /* ChatViewController.swift in Sources */ = {isa = PBXBuildFile; fileRef = 1C2145A92A20E38D00E8E800 /* ChatViewController.swift */; };
		1C2145AC2A20E53300E8E800 /* ConversationCell.swift in Sources */ = {isa = PBXBuildFile; fileRef = 1C2145AB2A20E53300E8E800 /* ConversationCell.swift */; };
		1C27B0BB2A1BC53E0013CB3E /* NVActivityIndicatorView in Frameworks */ = {isa = PBXBuildFile; productRef = 1C27B0BA2A1BC53E0013CB3E /* NVActivityIndicatorView */; };
		1C27B0BD2A1BC53E0013CB3E /* NVActivityIndicatorViewExtended in Frameworks */ = {isa = PBXBuildFile; productRef = 1C27B0BC2A1BC53E0013CB3E /* NVActivityIndicatorViewExtended */; };
		1C2A3CA429FFAEEB00A85F0D /* AppDelegate.swift in Sources */ = {isa = PBXBuildFile; fileRef = 1C2A3CA329FFAEEB00A85F0D /* AppDelegate.swift */; };
		1C2A3CA629FFAEEB00A85F0D /* SceneDelegate.swift in Sources */ = {isa = PBXBuildFile; fileRef = 1C2A3CA529FFAEEB00A85F0D /* SceneDelegate.swift */; };
		1C2A3CA829FFAEEB00A85F0D /* SearchViewController.swift in Sources */ = {isa = PBXBuildFile; fileRef = 1C2A3CA729FFAEEB00A85F0D /* SearchViewController.swift */; };
		1C2A3CAB29FFAEEB00A85F0D /* Main.storyboard in Resources */ = {isa = PBXBuildFile; fileRef = 1C2A3CA929FFAEEB00A85F0D /* Main.storyboard */; };
		1C2A3CAD29FFAEEC00A85F0D /* Assets.xcassets in Resources */ = {isa = PBXBuildFile; fileRef = 1C2A3CAC29FFAEEC00A85F0D /* Assets.xcassets */; };
		1C2A3CB029FFAEEC00A85F0D /* LaunchScreen.storyboard in Resources */ = {isa = PBXBuildFile; fileRef = 1C2A3CAE29FFAEEC00A85F0D /* LaunchScreen.storyboard */; };
		1C2A3CB929FFAF0900A85F0D /* SDWebImage in Frameworks */ = {isa = PBXBuildFile; productRef = 1C2A3CB829FFAF0900A85F0D /* SDWebImage */; };
		1C2A3CBB29FFAFE300A85F0D /* SongsTableViewCell.swift in Sources */ = {isa = PBXBuildFile; fileRef = 1C2A3CBA29FFAFE300A85F0D /* SongsTableViewCell.swift */; };
		1C2F3CA82A1D4C5D00CC2B94 /* SettingsViewController.swift in Sources */ = {isa = PBXBuildFile; fileRef = 1C2F3CA72A1D4C5D00CC2B94 /* SettingsViewController.swift */; };
		1C2F3CAA2A1D4C6700CC2B94 /* DiscoverMeViewController.swift in Sources */ = {isa = PBXBuildFile; fileRef = 1C2F3CA92A1D4C6700CC2B94 /* DiscoverMeViewController.swift */; };
		1C2F3CAC2A1D4C7200CC2B94 /* ProfileViewController.swift in Sources */ = {isa = PBXBuildFile; fileRef = 1C2F3CAB2A1D4C7200CC2B94 /* ProfileViewController.swift */; };
		1C2F628B2A2103D100DDB4F6 /* SkeletonView in Frameworks */ = {isa = PBXBuildFile; productRef = 1C2F628A2A2103D100DDB4F6 /* SkeletonView */; };
		1C4026002A0C29160007728B /* HomeViewController.swift in Sources */ = {isa = PBXBuildFile; fileRef = 1C4025FF2A0C29160007728B /* HomeViewController.swift */; };
		1C4026022A0C29600007728B /* ConversationViewController.swift in Sources */ = {isa = PBXBuildFile; fileRef = 1C4026012A0C29600007728B /* ConversationViewController.swift */; };
		1C5483CE2A1F30DA00BA7F64 /* DatabaseManager.swift in Sources */ = {isa = PBXBuildFile; fileRef = 1C5483CD2A1F30DA00BA7F64 /* DatabaseManager.swift */; };
		1C606AA92A2CDEA40013E080 /* LNPopupController in Embed Frameworks */ = {isa = PBXBuildFile; productRef = 1CF586872A2768A200BF6D72 /* LNPopupController */; settings = {ATTRIBUTES = (CodeSignOnCopy, ); }; };
		1C7B68782A17791C00303870 /* LoginViewController.swift in Sources */ = {isa = PBXBuildFile; fileRef = 1C7B68772A17791C00303870 /* LoginViewController.swift */; };
		1C7B687A2A17793000303870 /* SignUpViewController.swift in Sources */ = {isa = PBXBuildFile; fileRef = 1C7B68792A17792F00303870 /* SignUpViewController.swift */; };
		1C9201462A1F50820092ED50 /* AuthenticationManager.swift in Sources */ = {isa = PBXBuildFile; fileRef = 1C9201452A1F50820092ED50 /* AuthenticationManager.swift */; };
		1C98051F2A1C7DF7001B1D62 /* SwiftEntryKit in Frameworks */ = {isa = PBXBuildFile; productRef = 1C98051E2A1C7DF7001B1D62 /* SwiftEntryKit */; };
		1C9FD96C2A2349B70059EF16 /* MessageType.swift in Sources */ = {isa = PBXBuildFile; fileRef = 1C9FD96B2A2349B70059EF16 /* MessageType.swift */; };
		1C9FD96E2A2349BD0059EF16 /* MessageSender.swift in Sources */ = {isa = PBXBuildFile; fileRef = 1C9FD96D2A2349BD0059EF16 /* MessageSender.swift */; };
		1C9FD9702A234DBA0059EF16 /* OasisUser.swift in Sources */ = {isa = PBXBuildFile; fileRef = 1C9FD96F2A234DBA0059EF16 /* OasisUser.swift */; };
		1CB279A72A1A85A500A55B3A /* FirestoreUser.swift in Sources */ = {isa = PBXBuildFile; fileRef = 1CB279A62A1A85A500A55B3A /* FirestoreUser.swift */; };
		1CB279A92A1A868200A55B3A /* FirestoreKeys.swift in Sources */ = {isa = PBXBuildFile; fileRef = 1CB279A82A1A868200A55B3A /* FirestoreKeys.swift */; };
		1CB5A2A42A30850C0009B74C /* ChatLogic.swift in Sources */ = {isa = PBXBuildFile; fileRef = 1CB5A2A32A30850C0009B74C /* ChatLogic.swift */; };
		1CB6012B2A0ECA3E0052445A /* CustomTabBarController.swift in Sources */ = {isa = PBXBuildFile; fileRef = 1CB6012A2A0ECA3E0052445A /* CustomTabBarController.swift */; };
		1CB6012E2A0ECA6C0052445A /* CustomTabBar.swift in Sources */ = {isa = PBXBuildFile; fileRef = 1CB6012D2A0ECA6C0052445A /* CustomTabBar.swift */; };
		1CDAAB6A2A33807A0093F5C7 /* DatabaseError.swift in Sources */ = {isa = PBXBuildFile; fileRef = 1CDAAB692A33807A0093F5C7 /* DatabaseError.swift */; };
		1CDD30A32A1E872100189953 /* MessageKit in Frameworks */ = {isa = PBXBuildFile; productRef = 1CDD30A22A1E872100189953 /* MessageKit */; };
		1CE7EA1D2A32029E003E2A4C /* UserSearchController.swift in Sources */ = {isa = PBXBuildFile; fileRef = 1CE7EA1C2A32029E003E2A4C /* UserSearchController.swift */; };
		1CE7EA1F2A3205A7003E2A4C /* UsernameCell.swift in Sources */ = {isa = PBXBuildFile; fileRef = 1CE7EA1E2A3205A7003E2A4C /* UsernameCell.swift */; };
		1CF586882A2768A200BF6D72 /* LNPopupController in Frameworks */ = {isa = PBXBuildFile; productRef = 1CF586872A2768A200BF6D72 /* LNPopupController */; };
		1CFF6E792A0B629E004E8A87 /* CustomRecordView.swift in Sources */ = {isa = PBXBuildFile; fileRef = 1CFF6E782A0B629E004E8A87 /* CustomRecordView.swift */; };
		1CFF6E7B2A0B63A4004E8A87 /* CustomColors.swift in Sources */ = {isa = PBXBuildFile; fileRef = 1CFF6E7A2A0B63A4004E8A87 /* CustomColors.swift */; };
/* End PBXBuildFile section */

/* Begin PBXCopyFilesBuildPhase section */
		1C6FA0742A2B77E000CFA99A /* Embed Frameworks */ = {
			isa = PBXCopyFilesBuildPhase;
			buildActionMask = 2147483647;
			dstPath = "";
			dstSubfolderSpec = 10;
			files = (
				1C606AA92A2CDEA40013E080 /* LNPopupController in Embed Frameworks */,
			);
			name = "Embed Frameworks";
			runOnlyForDeploymentPostprocessing = 0;
		};
/* End PBXCopyFilesBuildPhase section */

/* Begin PBXFileReference section */
		1C055F282A14CEF8009CFDD6 /* GoogleService-Info.plist */ = {isa = PBXFileReference; fileEncoding = 4; lastKnownFileType = text.plist.xml; path = "GoogleService-Info.plist"; sourceTree = "<group>"; };
		1C0B553B2A1CB3B40052CC20 /* EKPresentation.swift */ = {isa = PBXFileReference; lastKnownFileType = sourcecode.swift; path = EKPresentation.swift; sourceTree = "<group>"; };
		1C14D5712A0135D600B84CC9 /* MusicPlayerController.swift */ = {isa = PBXFileReference; lastKnownFileType = sourcecode.swift; path = MusicPlayerController.swift; sourceTree = "<group>"; };
		1C2145A92A20E38D00E8E800 /* ChatViewController.swift */ = {isa = PBXFileReference; lastKnownFileType = sourcecode.swift; path = ChatViewController.swift; sourceTree = "<group>"; };
		1C2145AB2A20E53300E8E800 /* ConversationCell.swift */ = {isa = PBXFileReference; lastKnownFileType = sourcecode.swift; path = ConversationCell.swift; sourceTree = "<group>"; };
		1C2A3CA029FFAEEB00A85F0D /* MusicApp.app */ = {isa = PBXFileReference; explicitFileType = wrapper.application; includeInIndex = 0; path = MusicApp.app; sourceTree = BUILT_PRODUCTS_DIR; };
		1C2A3CA329FFAEEB00A85F0D /* AppDelegate.swift */ = {isa = PBXFileReference; lastKnownFileType = sourcecode.swift; path = AppDelegate.swift; sourceTree = "<group>"; };
		1C2A3CA529FFAEEB00A85F0D /* SceneDelegate.swift */ = {isa = PBXFileReference; lastKnownFileType = sourcecode.swift; path = SceneDelegate.swift; sourceTree = "<group>"; };
		1C2A3CA729FFAEEB00A85F0D /* SearchViewController.swift */ = {isa = PBXFileReference; lastKnownFileType = sourcecode.swift; path = SearchViewController.swift; sourceTree = "<group>"; };
		1C2A3CAA29FFAEEB00A85F0D /* Base */ = {isa = PBXFileReference; lastKnownFileType = file.storyboard; name = Base; path = Base.lproj/Main.storyboard; sourceTree = "<group>"; };
		1C2A3CAC29FFAEEC00A85F0D /* Assets.xcassets */ = {isa = PBXFileReference; lastKnownFileType = folder.assetcatalog; path = Assets.xcassets; sourceTree = "<group>"; };
		1C2A3CAF29FFAEEC00A85F0D /* Base */ = {isa = PBXFileReference; lastKnownFileType = file.storyboard; name = Base; path = Base.lproj/LaunchScreen.storyboard; sourceTree = "<group>"; };
		1C2A3CB129FFAEEC00A85F0D /* Info.plist */ = {isa = PBXFileReference; lastKnownFileType = text.plist.xml; path = Info.plist; sourceTree = "<group>"; };
		1C2A3CBA29FFAFE300A85F0D /* SongsTableViewCell.swift */ = {isa = PBXFileReference; lastKnownFileType = sourcecode.swift; path = SongsTableViewCell.swift; sourceTree = "<group>"; };
		1C2F3CA72A1D4C5D00CC2B94 /* SettingsViewController.swift */ = {isa = PBXFileReference; lastKnownFileType = sourcecode.swift; path = SettingsViewController.swift; sourceTree = "<group>"; };
		1C2F3CA92A1D4C6700CC2B94 /* DiscoverMeViewController.swift */ = {isa = PBXFileReference; lastKnownFileType = sourcecode.swift; path = DiscoverMeViewController.swift; sourceTree = "<group>"; };
		1C2F3CAB2A1D4C7200CC2B94 /* ProfileViewController.swift */ = {isa = PBXFileReference; lastKnownFileType = sourcecode.swift; path = ProfileViewController.swift; sourceTree = "<group>"; };
		1C4025FF2A0C29160007728B /* HomeViewController.swift */ = {isa = PBXFileReference; lastKnownFileType = sourcecode.swift; path = HomeViewController.swift; sourceTree = "<group>"; };
		1C4026012A0C29600007728B /* ConversationViewController.swift */ = {isa = PBXFileReference; lastKnownFileType = sourcecode.swift; path = ConversationViewController.swift; sourceTree = "<group>"; };
		1C5483CD2A1F30DA00BA7F64 /* DatabaseManager.swift */ = {isa = PBXFileReference; lastKnownFileType = sourcecode.swift; path = DatabaseManager.swift; sourceTree = "<group>"; };
		1C7B68772A17791C00303870 /* LoginViewController.swift */ = {isa = PBXFileReference; lastKnownFileType = sourcecode.swift; path = LoginViewController.swift; sourceTree = "<group>"; };
		1C7B68792A17792F00303870 /* SignUpViewController.swift */ = {isa = PBXFileReference; lastKnownFileType = sourcecode.swift; path = SignUpViewController.swift; sourceTree = "<group>"; };
		1C9201452A1F50820092ED50 /* AuthenticationManager.swift */ = {isa = PBXFileReference; lastKnownFileType = sourcecode.swift; path = AuthenticationManager.swift; sourceTree = "<group>"; };
		1C9FD96B2A2349B70059EF16 /* MessageType.swift */ = {isa = PBXFileReference; lastKnownFileType = sourcecode.swift; path = MessageType.swift; sourceTree = "<group>"; };
		1C9FD96D2A2349BD0059EF16 /* MessageSender.swift */ = {isa = PBXFileReference; lastKnownFileType = sourcecode.swift; path = MessageSender.swift; sourceTree = "<group>"; };
		1C9FD96F2A234DBA0059EF16 /* OasisUser.swift */ = {isa = PBXFileReference; lastKnownFileType = sourcecode.swift; path = OasisUser.swift; sourceTree = "<group>"; };
		1CB279A62A1A85A500A55B3A /* FirestoreUser.swift */ = {isa = PBXFileReference; lastKnownFileType = sourcecode.swift; path = FirestoreUser.swift; sourceTree = "<group>"; };
		1CB279A82A1A868200A55B3A /* FirestoreKeys.swift */ = {isa = PBXFileReference; lastKnownFileType = sourcecode.swift; path = FirestoreKeys.swift; sourceTree = "<group>"; };
		1CB5A2A32A30850C0009B74C /* ChatLogic.swift */ = {isa = PBXFileReference; lastKnownFileType = sourcecode.swift; path = ChatLogic.swift; sourceTree = "<group>"; };
		1CB6012A2A0ECA3E0052445A /* CustomTabBarController.swift */ = {isa = PBXFileReference; lastKnownFileType = sourcecode.swift; path = CustomTabBarController.swift; sourceTree = "<group>"; };
		1CB6012D2A0ECA6C0052445A /* CustomTabBar.swift */ = {isa = PBXFileReference; lastKnownFileType = sourcecode.swift; path = CustomTabBar.swift; sourceTree = "<group>"; };
		1CDAAB692A33807A0093F5C7 /* DatabaseError.swift */ = {isa = PBXFileReference; lastKnownFileType = sourcecode.swift; path = DatabaseError.swift; sourceTree = "<group>"; };
		1CE7EA1C2A32029E003E2A4C /* UserSearchController.swift */ = {isa = PBXFileReference; lastKnownFileType = sourcecode.swift; path = UserSearchController.swift; sourceTree = "<group>"; };
		1CE7EA1E2A3205A7003E2A4C /* UsernameCell.swift */ = {isa = PBXFileReference; lastKnownFileType = sourcecode.swift; path = UsernameCell.swift; sourceTree = "<group>"; };
		1CFF6E782A0B629E004E8A87 /* CustomRecordView.swift */ = {isa = PBXFileReference; lastKnownFileType = sourcecode.swift; path = CustomRecordView.swift; sourceTree = "<group>"; };
		1CFF6E7A2A0B63A4004E8A87 /* CustomColors.swift */ = {isa = PBXFileReference; lastKnownFileType = sourcecode.swift; path = CustomColors.swift; sourceTree = "<group>"; };
/* End PBXFileReference section */

/* Begin PBXFrameworksBuildPhase section */
		1C2A3C9D29FFAEEB00A85F0D /* Frameworks */ = {
			isa = PBXFrameworksBuildPhase;
			buildActionMask = 2147483647;
			files = (
				1C27B0BD2A1BC53E0013CB3E /* NVActivityIndicatorViewExtended in Frameworks */,
				1C055F322A14D075009CFDD6 /* FirebaseDatabase in Frameworks */,
				1C2A3CB929FFAF0900A85F0D /* SDWebImage in Frameworks */,
				1C055F3A2A14D075009CFDD6 /* FirebaseStorage in Frameworks */,
				1C055F362A14D075009CFDD6 /* FirebaseMessaging in Frameworks */,
				1C055F302A14D075009CFDD6 /* FirebaseCrashlytics in Frameworks */,
				1C055F2E2A14D075009CFDD6 /* FirebaseAuth in Frameworks */,
				1C27B0BB2A1BC53E0013CB3E /* NVActivityIndicatorView in Frameworks */,
				1C2F628B2A2103D100DDB4F6 /* SkeletonView in Frameworks */,
				1C98051F2A1C7DF7001B1D62 /* SwiftEntryKit in Frameworks */,
				1CF586882A2768A200BF6D72 /* LNPopupController in Frameworks */,
				1C055F2C2A14D075009CFDD6 /* FirebaseAnalyticsWithoutAdIdSupport in Frameworks */,
				1CDD30A32A1E872100189953 /* MessageKit in Frameworks */,
				1C055F382A14D075009CFDD6 /* FirebasePerformance in Frameworks */,
				1C055F342A14D075009CFDD6 /* FirebaseFirestore in Frameworks */,
			);
			runOnlyForDeploymentPostprocessing = 0;
		};
/* End PBXFrameworksBuildPhase section */

/* Begin PBXGroup section */
		1C03D0CA2A10DDA400F0CA18 /* Models */ = {
			isa = PBXGroup;
			children = (
				1C9FD9652A23490B0059EF16 /* CustomCells */,
				1CB279A52A1A857400A55B3A /* Firestore */,
				1C9FD9662A2349230059EF16 /* Firebase */,
				1C9FD96A2A2349950059EF16 /* MessageKit */,
			);
			path = Models;
			sourceTree = "<group>";
		};
		1C2A3C9729FFAEEB00A85F0D = {
			isa = PBXGroup;
			children = (
				1C2A3CA229FFAEEB00A85F0D /* MusicApp */,
				1C2A3CA129FFAEEB00A85F0D /* Products */,
			);
			sourceTree = "<group>";
		};
		1C2A3CA129FFAEEB00A85F0D /* Products */ = {
			isa = PBXGroup;
			children = (
				1C2A3CA029FFAEEB00A85F0D /* MusicApp.app */,
			);
			name = Products;
			sourceTree = "<group>";
		};
		1C2A3CA229FFAEEB00A85F0D /* MusicApp */ = {
			isa = PBXGroup;
			children = (
				1C2A3CA329FFAEEB00A85F0D /* AppDelegate.swift */,
				1C2A3CA529FFAEEB00A85F0D /* SceneDelegate.swift */,
				1C9FD9692A23495A0059EF16 /* Controllers */,
				1C9FD9672A2349360059EF16 /* Helpers */,
				1C03D0CA2A10DDA400F0CA18 /* Models */,
				1C2A3CA929FFAEEB00A85F0D /* Main.storyboard */,
				1C2A3CAC29FFAEEC00A85F0D /* Assets.xcassets */,
				1C2A3CAE29FFAEEC00A85F0D /* LaunchScreen.storyboard */,
				1C055F282A14CEF8009CFDD6 /* GoogleService-Info.plist */,
				1C2A3CB129FFAEEC00A85F0D /* Info.plist */,
			);
			path = MusicApp;
			sourceTree = "<group>";
		};
		1C2F3CA62A1D4C4800CC2B94 /* HomeView */ = {
			isa = PBXGroup;
			children = (
				1C4025FF2A0C29160007728B /* HomeViewController.swift */,
				1C2F3CA72A1D4C5D00CC2B94 /* SettingsViewController.swift */,
				1C2F3CA92A1D4C6700CC2B94 /* DiscoverMeViewController.swift */,
				1C2F3CAB2A1D4C7200CC2B94 /* ProfileViewController.swift */,
			);
			path = HomeView;
			sourceTree = "<group>";
		};
		1C2F3CAD2A1D4CFD00CC2B94 /* SearchView */ = {
			isa = PBXGroup;
			children = (
				1C2A3CA729FFAEEB00A85F0D /* SearchViewController.swift */,
				1C14D5712A0135D600B84CC9 /* MusicPlayerController.swift */,
			);
			path = SearchView;
			sourceTree = "<group>";
		};
		1C2F3CB02A1D4D3700CC2B94 /* CustomViews */ = {
			isa = PBXGroup;
			children = (
				1CB6012C2A0ECA440052445A /* CustomTabBar */,
				1CFF6E782A0B629E004E8A87 /* CustomRecordView.swift */,
			);
			path = CustomViews;
			sourceTree = "<group>";
		};
		1C7B687B2A17793400303870 /* LoginControllers */ = {
			isa = PBXGroup;
			children = (
				1C7B68772A17791C00303870 /* LoginViewController.swift */,
				1C7B68792A17792F00303870 /* SignUpViewController.swift */,
			);
			path = LoginControllers;
			sourceTree = "<group>";
		};
		1C9FD9652A23490B0059EF16 /* CustomCells */ = {
			isa = PBXGroup;
			children = (
				1C2A3CBA29FFAFE300A85F0D /* SongsTableViewCell.swift */,
				1CE7EA1E2A3205A7003E2A4C /* UsernameCell.swift */,
				1C2145AB2A20E53300E8E800 /* ConversationCell.swift */,
			);
			path = CustomCells;
			sourceTree = "<group>";
		};
		1C9FD9662A2349230059EF16 /* Firebase */ = {
			isa = PBXGroup;
			children = (
				1C5483CD2A1F30DA00BA7F64 /* DatabaseManager.swift */,
				1CDAAB692A33807A0093F5C7 /* DatabaseError.swift */,
				1C9FD96F2A234DBA0059EF16 /* OasisUser.swift */,
				1C9201452A1F50820092ED50 /* AuthenticationManager.swift */,
			);
			path = Firebase;
			sourceTree = "<group>";
		};
		1C9FD9672A2349360059EF16 /* Helpers */ = {
			isa = PBXGroup;
			children = (
				1C2F3CB02A1D4D3700CC2B94 /* CustomViews */,
				1CFF6E7A2A0B63A4004E8A87 /* CustomColors.swift */,
				1C0B553B2A1CB3B40052CC20 /* EKPresentation.swift */,
			);
			path = Helpers;
			sourceTree = "<group>";
		};
		1C9FD9682A2349490059EF16 /* ChatView */ = {
			isa = PBXGroup;
			children = (
				1C4026012A0C29600007728B /* ConversationViewController.swift */,
				1CE7EA1C2A32029E003E2A4C /* UserSearchController.swift */,
				1C2145A92A20E38D00E8E800 /* ChatViewController.swift */,
				1CB5A2A32A30850C0009B74C /* ChatLogic.swift */,
			);
			path = ChatView;
			sourceTree = "<group>";
		};
		1C9FD9692A23495A0059EF16 /* Controllers */ = {
			isa = PBXGroup;
			children = (
				1C7B687B2A17793400303870 /* LoginControllers */,
				1CB601292A0ECA1A0052445A /* TabBarControllers */,
			);
			path = Controllers;
			sourceTree = "<group>";
		};
		1C9FD96A2A2349950059EF16 /* MessageKit */ = {
			isa = PBXGroup;
			children = (
				1C9FD96B2A2349B70059EF16 /* MessageType.swift */,
				1C9FD96D2A2349BD0059EF16 /* MessageSender.swift */,
			);
			path = MessageKit;
			sourceTree = "<group>";
		};
		1CB279A52A1A857400A55B3A /* Firestore */ = {
			isa = PBXGroup;
			children = (
				1CB279A62A1A85A500A55B3A /* FirestoreUser.swift */,
				1CB279A82A1A868200A55B3A /* FirestoreKeys.swift */,
			);
			path = Firestore;
			sourceTree = "<group>";
		};
		1CB601292A0ECA1A0052445A /* TabBarControllers */ = {
			isa = PBXGroup;
			children = (
				1C2F3CA62A1D4C4800CC2B94 /* HomeView */,
				1C2F3CAD2A1D4CFD00CC2B94 /* SearchView */,
				1C9FD9682A2349490059EF16 /* ChatView */,
			);
			path = TabBarControllers;
			sourceTree = "<group>";
		};
		1CB6012C2A0ECA440052445A /* CustomTabBar */ = {
			isa = PBXGroup;
			children = (
				1CB6012A2A0ECA3E0052445A /* CustomTabBarController.swift */,
				1CB6012D2A0ECA6C0052445A /* CustomTabBar.swift */,
			);
			path = CustomTabBar;
			sourceTree = "<group>";
		};
/* End PBXGroup section */

/* Begin PBXNativeTarget section */
		1C2A3C9F29FFAEEB00A85F0D /* MusicApp */ = {
			isa = PBXNativeTarget;
			buildConfigurationList = 1C2A3CB429FFAEEC00A85F0D /* Build configuration list for PBXNativeTarget "MusicApp" */;
			buildPhases = (
				1C2A3C9C29FFAEEB00A85F0D /* Sources */,
				1C2A3C9D29FFAEEB00A85F0D /* Frameworks */,
				1C2A3C9E29FFAEEB00A85F0D /* Resources */,
				1C6FA0742A2B77E000CFA99A /* Embed Frameworks */,
			);
			buildRules = (
			);
			dependencies = (
			);
			name = MusicApp;
			packageProductDependencies = (
				1C2A3CB829FFAF0900A85F0D /* SDWebImage */,
				1C055F2B2A14D075009CFDD6 /* FirebaseAnalyticsWithoutAdIdSupport */,
				1C055F2D2A14D075009CFDD6 /* FirebaseAuth */,
				1C055F2F2A14D075009CFDD6 /* FirebaseCrashlytics */,
				1C055F312A14D075009CFDD6 /* FirebaseDatabase */,
				1C055F332A14D075009CFDD6 /* FirebaseFirestore */,
				1C055F352A14D075009CFDD6 /* FirebaseMessaging */,
				1C055F372A14D075009CFDD6 /* FirebasePerformance */,
				1C055F392A14D075009CFDD6 /* FirebaseStorage */,
				1C27B0BA2A1BC53E0013CB3E /* NVActivityIndicatorView */,
				1C27B0BC2A1BC53E0013CB3E /* NVActivityIndicatorViewExtended */,
				1C98051E2A1C7DF7001B1D62 /* SwiftEntryKit */,
				1CDD30A22A1E872100189953 /* MessageKit */,
				1C2F628A2A2103D100DDB4F6 /* SkeletonView */,
				1CF586872A2768A200BF6D72 /* LNPopupController */,
			);
			productName = MusicApp;
			productReference = 1C2A3CA029FFAEEB00A85F0D /* MusicApp.app */;
			productType = "com.apple.product-type.application";
		};
/* End PBXNativeTarget section */

/* Begin PBXProject section */
		1C2A3C9829FFAEEB00A85F0D /* Project object */ = {
			isa = PBXProject;
			attributes = {
				BuildIndependentTargetsInParallel = 1;
				LastSwiftUpdateCheck = 1430;
				LastUpgradeCheck = 1430;
				TargetAttributes = {
					1C2A3C9F29FFAEEB00A85F0D = {
						CreatedOnToolsVersion = 14.3;
					};
				};
			};
			buildConfigurationList = 1C2A3C9B29FFAEEB00A85F0D /* Build configuration list for PBXProject "MusicApp" */;
			compatibilityVersion = "Xcode 14.0";
			developmentRegion = en;
			hasScannedForEncodings = 0;
			knownRegions = (
				en,
				Base,
			);
			mainGroup = 1C2A3C9729FFAEEB00A85F0D;
			packageReferences = (
				1C2A3CB729FFAF0900A85F0D /* XCRemoteSwiftPackageReference "SDWebImage" */,
				1C055F2A2A14D075009CFDD6 /* XCRemoteSwiftPackageReference "firebase-ios-sdk" */,
				1C27B0B92A1BC53E0013CB3E /* XCRemoteSwiftPackageReference "NVActivityIndicatorView" */,
				1C98051D2A1C7DF7001B1D62 /* XCRemoteSwiftPackageReference "SwiftEntryKit" */,
				1CDD30A12A1E872100189953 /* XCRemoteSwiftPackageReference "MessageKit" */,
				1C2F62892A2103D100DDB4F6 /* XCRemoteSwiftPackageReference "SkeletonView" */,
				1CF586862A2768A200BF6D72 /* XCRemoteSwiftPackageReference "LNPopupController" */,
			);
			productRefGroup = 1C2A3CA129FFAEEB00A85F0D /* Products */;
			projectDirPath = "";
			projectRoot = "";
			targets = (
				1C2A3C9F29FFAEEB00A85F0D /* MusicApp */,
			);
		};
/* End PBXProject section */

/* Begin PBXResourcesBuildPhase section */
		1C2A3C9E29FFAEEB00A85F0D /* Resources */ = {
			isa = PBXResourcesBuildPhase;
			buildActionMask = 2147483647;
			files = (
				1C2A3CB029FFAEEC00A85F0D /* LaunchScreen.storyboard in Resources */,
				1C055F292A14CEF8009CFDD6 /* GoogleService-Info.plist in Resources */,
				1C2A3CAD29FFAEEC00A85F0D /* Assets.xcassets in Resources */,
				1C2A3CAB29FFAEEB00A85F0D /* Main.storyboard in Resources */,
			);
			runOnlyForDeploymentPostprocessing = 0;
		};
/* End PBXResourcesBuildPhase section */

/* Begin PBXSourcesBuildPhase section */
		1C2A3C9C29FFAEEB00A85F0D /* Sources */ = {
			isa = PBXSourcesBuildPhase;
			buildActionMask = 2147483647;
			files = (
				1CB5A2A42A30850C0009B74C /* ChatLogic.swift in Sources */,
				1C4026002A0C29160007728B /* HomeViewController.swift in Sources */,
				1C2F3CAA2A1D4C6700CC2B94 /* DiscoverMeViewController.swift in Sources */,
				1C2F3CAC2A1D4C7200CC2B94 /* ProfileViewController.swift in Sources */,
				1CFF6E792A0B629E004E8A87 /* CustomRecordView.swift in Sources */,
				1C4026022A0C29600007728B /* ConversationViewController.swift in Sources */,
				1C14D5722A0135D600B84CC9 /* MusicPlayerController.swift in Sources */,
				1CB6012E2A0ECA6C0052445A /* CustomTabBar.swift in Sources */,
				1C9FD96C2A2349B70059EF16 /* MessageType.swift in Sources */,
				1CFF6E7B2A0B63A4004E8A87 /* CustomColors.swift in Sources */,
				1CB6012B2A0ECA3E0052445A /* CustomTabBarController.swift in Sources */,
				1C9FD96E2A2349BD0059EF16 /* MessageSender.swift in Sources */,
				1CB279A72A1A85A500A55B3A /* FirestoreUser.swift in Sources */,
				1CE7EA1F2A3205A7003E2A4C /* UsernameCell.swift in Sources */,
				1C7B687A2A17793000303870 /* SignUpViewController.swift in Sources */,
				1CE7EA1D2A32029E003E2A4C /* UserSearchController.swift in Sources */,
				1C2A3CBB29FFAFE300A85F0D /* SongsTableViewCell.swift in Sources */,
				1C9201462A1F50820092ED50 /* AuthenticationManager.swift in Sources */,
				1C2A3CA829FFAEEB00A85F0D /* SearchViewController.swift in Sources */,
				1C2A3CA429FFAEEB00A85F0D /* AppDelegate.swift in Sources */,
				1C0B553C2A1CB3B40052CC20 /* EKPresentation.swift in Sources */,
				1CB279A92A1A868200A55B3A /* FirestoreKeys.swift in Sources */,
				1C7B68782A17791C00303870 /* LoginViewController.swift in Sources */,
				1C2A3CA629FFAEEB00A85F0D /* SceneDelegate.swift in Sources */,
				1C2145AC2A20E53300E8E800 /* ConversationCell.swift in Sources */,
				1C2F3CA82A1D4C5D00CC2B94 /* SettingsViewController.swift in Sources */,
				1C9FD9702A234DBA0059EF16 /* OasisUser.swift in Sources */,
				1C5483CE2A1F30DA00BA7F64 /* DatabaseManager.swift in Sources */,
				1C2145AA2A20E38D00E8E800 /* ChatViewController.swift in Sources */,
				1CDAAB6A2A33807A0093F5C7 /* DatabaseError.swift in Sources */,
			);
			runOnlyForDeploymentPostprocessing = 0;
		};
/* End PBXSourcesBuildPhase section */

/* Begin PBXVariantGroup section */
		1C2A3CA929FFAEEB00A85F0D /* Main.storyboard */ = {
			isa = PBXVariantGroup;
			children = (
				1C2A3CAA29FFAEEB00A85F0D /* Base */,
			);
			name = Main.storyboard;
			sourceTree = "<group>";
		};
		1C2A3CAE29FFAEEC00A85F0D /* LaunchScreen.storyboard */ = {
			isa = PBXVariantGroup;
			children = (
				1C2A3CAF29FFAEEC00A85F0D /* Base */,
			);
			name = LaunchScreen.storyboard;
			sourceTree = "<group>";
		};
/* End PBXVariantGroup section */

/* Begin XCBuildConfiguration section */
		1C2A3CB229FFAEEC00A85F0D /* Debug */ = {
			isa = XCBuildConfiguration;
			buildSettings = {
				ALWAYS_SEARCH_USER_PATHS = NO;
				CLANG_ANALYZER_NONNULL = YES;
				CLANG_ANALYZER_NUMBER_OBJECT_CONVERSION = YES_AGGRESSIVE;
				CLANG_CXX_LANGUAGE_STANDARD = "gnu++20";
				CLANG_ENABLE_MODULES = YES;
				CLANG_ENABLE_OBJC_ARC = YES;
				CLANG_ENABLE_OBJC_WEAK = YES;
				CLANG_WARN_BLOCK_CAPTURE_AUTORELEASING = YES;
				CLANG_WARN_BOOL_CONVERSION = YES;
				CLANG_WARN_COMMA = YES;
				CLANG_WARN_CONSTANT_CONVERSION = YES;
				CLANG_WARN_DEPRECATED_OBJC_IMPLEMENTATIONS = YES;
				CLANG_WARN_DIRECT_OBJC_ISA_USAGE = YES_ERROR;
				CLANG_WARN_DOCUMENTATION_COMMENTS = YES;
				CLANG_WARN_EMPTY_BODY = YES;
				CLANG_WARN_ENUM_CONVERSION = YES;
				CLANG_WARN_INFINITE_RECURSION = YES;
				CLANG_WARN_INT_CONVERSION = YES;
				CLANG_WARN_NON_LITERAL_NULL_CONVERSION = YES;
				CLANG_WARN_OBJC_IMPLICIT_RETAIN_SELF = YES;
				CLANG_WARN_OBJC_LITERAL_CONVERSION = YES;
				CLANG_WARN_OBJC_ROOT_CLASS = YES_ERROR;
				CLANG_WARN_QUOTED_INCLUDE_IN_FRAMEWORK_HEADER = YES;
				CLANG_WARN_RANGE_LOOP_ANALYSIS = YES;
				CLANG_WARN_STRICT_PROTOTYPES = YES;
				CLANG_WARN_SUSPICIOUS_MOVE = YES;
				CLANG_WARN_UNGUARDED_AVAILABILITY = YES_AGGRESSIVE;
				CLANG_WARN_UNREACHABLE_CODE = YES;
				CLANG_WARN__DUPLICATE_METHOD_MATCH = YES;
				COPY_PHASE_STRIP = NO;
				DEBUG_INFORMATION_FORMAT = dwarf;
				ENABLE_STRICT_OBJC_MSGSEND = YES;
				ENABLE_TESTABILITY = YES;
				GCC_C_LANGUAGE_STANDARD = gnu11;
				GCC_DYNAMIC_NO_PIC = NO;
				GCC_NO_COMMON_BLOCKS = YES;
				GCC_OPTIMIZATION_LEVEL = 0;
				GCC_PREPROCESSOR_DEFINITIONS = (
					"DEBUG=1",
					"$(inherited)",
				);
				GCC_WARN_64_TO_32_BIT_CONVERSION = YES;
				GCC_WARN_ABOUT_RETURN_TYPE = YES_ERROR;
				GCC_WARN_UNDECLARED_SELECTOR = YES;
				GCC_WARN_UNINITIALIZED_AUTOS = YES_AGGRESSIVE;
				GCC_WARN_UNUSED_FUNCTION = YES;
				GCC_WARN_UNUSED_VARIABLE = YES;
				IPHONEOS_DEPLOYMENT_TARGET = 16.4;
				MTL_ENABLE_DEBUG_INFO = INCLUDE_SOURCE;
				MTL_FAST_MATH = YES;
				ONLY_ACTIVE_ARCH = YES;
				SDKROOT = iphoneos;
				SWIFT_ACTIVE_COMPILATION_CONDITIONS = DEBUG;
				SWIFT_OPTIMIZATION_LEVEL = "-Onone";
			};
			name = Debug;
		};
		1C2A3CB329FFAEEC00A85F0D /* Release */ = {
			isa = XCBuildConfiguration;
			buildSettings = {
				ALWAYS_SEARCH_USER_PATHS = NO;
				CLANG_ANALYZER_NONNULL = YES;
				CLANG_ANALYZER_NUMBER_OBJECT_CONVERSION = YES_AGGRESSIVE;
				CLANG_CXX_LANGUAGE_STANDARD = "gnu++20";
				CLANG_ENABLE_MODULES = YES;
				CLANG_ENABLE_OBJC_ARC = YES;
				CLANG_ENABLE_OBJC_WEAK = YES;
				CLANG_WARN_BLOCK_CAPTURE_AUTORELEASING = YES;
				CLANG_WARN_BOOL_CONVERSION = YES;
				CLANG_WARN_COMMA = YES;
				CLANG_WARN_CONSTANT_CONVERSION = YES;
				CLANG_WARN_DEPRECATED_OBJC_IMPLEMENTATIONS = YES;
				CLANG_WARN_DIRECT_OBJC_ISA_USAGE = YES_ERROR;
				CLANG_WARN_DOCUMENTATION_COMMENTS = YES;
				CLANG_WARN_EMPTY_BODY = YES;
				CLANG_WARN_ENUM_CONVERSION = YES;
				CLANG_WARN_INFINITE_RECURSION = YES;
				CLANG_WARN_INT_CONVERSION = YES;
				CLANG_WARN_NON_LITERAL_NULL_CONVERSION = YES;
				CLANG_WARN_OBJC_IMPLICIT_RETAIN_SELF = YES;
				CLANG_WARN_OBJC_LITERAL_CONVERSION = YES;
				CLANG_WARN_OBJC_ROOT_CLASS = YES_ERROR;
				CLANG_WARN_QUOTED_INCLUDE_IN_FRAMEWORK_HEADER = YES;
				CLANG_WARN_RANGE_LOOP_ANALYSIS = YES;
				CLANG_WARN_STRICT_PROTOTYPES = YES;
				CLANG_WARN_SUSPICIOUS_MOVE = YES;
				CLANG_WARN_UNGUARDED_AVAILABILITY = YES_AGGRESSIVE;
				CLANG_WARN_UNREACHABLE_CODE = YES;
				CLANG_WARN__DUPLICATE_METHOD_MATCH = YES;
				COPY_PHASE_STRIP = NO;
				DEBUG_INFORMATION_FORMAT = "dwarf-with-dsym";
				ENABLE_NS_ASSERTIONS = NO;
				ENABLE_STRICT_OBJC_MSGSEND = YES;
				GCC_C_LANGUAGE_STANDARD = gnu11;
				GCC_NO_COMMON_BLOCKS = YES;
				GCC_WARN_64_TO_32_BIT_CONVERSION = YES;
				GCC_WARN_ABOUT_RETURN_TYPE = YES_ERROR;
				GCC_WARN_UNDECLARED_SELECTOR = YES;
				GCC_WARN_UNINITIALIZED_AUTOS = YES_AGGRESSIVE;
				GCC_WARN_UNUSED_FUNCTION = YES;
				GCC_WARN_UNUSED_VARIABLE = YES;
				IPHONEOS_DEPLOYMENT_TARGET = 16.4;
				MTL_ENABLE_DEBUG_INFO = NO;
				MTL_FAST_MATH = YES;
				SDKROOT = iphoneos;
				SWIFT_COMPILATION_MODE = wholemodule;
				SWIFT_OPTIMIZATION_LEVEL = "-O";
				VALIDATE_PRODUCT = YES;
			};
			name = Release;
		};
		1C2A3CB529FFAEEC00A85F0D /* Debug */ = {
			isa = XCBuildConfiguration;
			buildSettings = {
				ASSETCATALOG_COMPILER_APPICON_NAME = AppIcon;
				ASSETCATALOG_COMPILER_GLOBAL_ACCENT_COLOR_NAME = AccentColor;
				CODE_SIGN_STYLE = Automatic;
				CURRENT_PROJECT_VERSION = 1;
				DEVELOPMENT_TEAM = 5YC4D97HWU;
				GENERATE_INFOPLIST_FILE = YES;
				INFOPLIST_FILE = MusicApp/Info.plist;
				INFOPLIST_KEY_UIApplicationSupportsIndirectInputEvents = YES;
				INFOPLIST_KEY_UILaunchStoryboardName = LaunchScreen;
				INFOPLIST_KEY_UIMainStoryboardFile = Main;
				INFOPLIST_KEY_UISupportedInterfaceOrientations = UIInterfaceOrientationPortrait;
				INFOPLIST_KEY_UISupportedInterfaceOrientations_iPad = "UIInterfaceOrientationLandscapeLeft UIInterfaceOrientationLandscapeRight UIInterfaceOrientationPortrait UIInterfaceOrientationPortraitUpsideDown";
				IPHONEOS_DEPLOYMENT_TARGET = 15.0;
				LD_RUNPATH_SEARCH_PATHS = (
					"$(inherited)",
					"@executable_path/Frameworks",
				);
				MARKETING_VERSION = 1.0;
				PRODUCT_BUNDLE_IDENTIFIER = com.kushagrashukla.MusicApp;
				PRODUCT_NAME = "$(TARGET_NAME)";
				SUPPORTED_PLATFORMS = "iphoneos iphonesimulator";
				SUPPORTS_MACCATALYST = NO;
				SUPPORTS_MAC_DESIGNED_FOR_IPHONE_IPAD = NO;
				SWIFT_EMIT_LOC_STRINGS = YES;
				SWIFT_VERSION = 5.0;
				TARGETED_DEVICE_FAMILY = 1;
			};
			name = Debug;
		};
		1C2A3CB629FFAEEC00A85F0D /* Release */ = {
			isa = XCBuildConfiguration;
			buildSettings = {
				ASSETCATALOG_COMPILER_APPICON_NAME = AppIcon;
				ASSETCATALOG_COMPILER_GLOBAL_ACCENT_COLOR_NAME = AccentColor;
				CODE_SIGN_STYLE = Automatic;
				CURRENT_PROJECT_VERSION = 1;
				DEVELOPMENT_TEAM = 5YC4D97HWU;
				GENERATE_INFOPLIST_FILE = YES;
				INFOPLIST_FILE = MusicApp/Info.plist;
				INFOPLIST_KEY_UIApplicationSupportsIndirectInputEvents = YES;
				INFOPLIST_KEY_UILaunchStoryboardName = LaunchScreen;
				INFOPLIST_KEY_UIMainStoryboardFile = Main;
				INFOPLIST_KEY_UISupportedInterfaceOrientations = UIInterfaceOrientationPortrait;
				INFOPLIST_KEY_UISupportedInterfaceOrientations_iPad = "UIInterfaceOrientationLandscapeLeft UIInterfaceOrientationLandscapeRight UIInterfaceOrientationPortrait UIInterfaceOrientationPortraitUpsideDown";
				IPHONEOS_DEPLOYMENT_TARGET = 15.0;
				LD_RUNPATH_SEARCH_PATHS = (
					"$(inherited)",
					"@executable_path/Frameworks",
				);
				MARKETING_VERSION = 1.0;
				PRODUCT_BUNDLE_IDENTIFIER = com.kushagrashukla.MusicApp;
				PRODUCT_NAME = "$(TARGET_NAME)";
				SUPPORTED_PLATFORMS = "iphoneos iphonesimulator";
				SUPPORTS_MACCATALYST = NO;
				SUPPORTS_MAC_DESIGNED_FOR_IPHONE_IPAD = NO;
				SWIFT_EMIT_LOC_STRINGS = YES;
				SWIFT_VERSION = 5.0;
				TARGETED_DEVICE_FAMILY = 1;
			};
			name = Release;
		};
/* End XCBuildConfiguration section */

/* Begin XCConfigurationList section */
		1C2A3C9B29FFAEEB00A85F0D /* Build configuration list for PBXProject "MusicApp" */ = {
			isa = XCConfigurationList;
			buildConfigurations = (
				1C2A3CB229FFAEEC00A85F0D /* Debug */,
				1C2A3CB329FFAEEC00A85F0D /* Release */,
			);
			defaultConfigurationIsVisible = 0;
			defaultConfigurationName = Release;
		};
		1C2A3CB429FFAEEC00A85F0D /* Build configuration list for PBXNativeTarget "MusicApp" */ = {
			isa = XCConfigurationList;
			buildConfigurations = (
				1C2A3CB529FFAEEC00A85F0D /* Debug */,
				1C2A3CB629FFAEEC00A85F0D /* Release */,
			);
			defaultConfigurationIsVisible = 0;
			defaultConfigurationName = Release;
		};
/* End XCConfigurationList section */

/* Begin XCRemoteSwiftPackageReference section */
		1C055F2A2A14D075009CFDD6 /* XCRemoteSwiftPackageReference "firebase-ios-sdk" */ = {
			isa = XCRemoteSwiftPackageReference;
			repositoryURL = "https://github.com/firebase/firebase-ios-sdk";
			requirement = {
				kind = upToNextMajorVersion;
				minimumVersion = 10.0.0;
			};
		};
		1C27B0B92A1BC53E0013CB3E /* XCRemoteSwiftPackageReference "NVActivityIndicatorView" */ = {
			isa = XCRemoteSwiftPackageReference;
			repositoryURL = "https://github.com/ninjaprox/NVActivityIndicatorView.git";
			requirement = {
				kind = upToNextMajorVersion;
				minimumVersion = 5.0.0;
			};
		};
		1C2A3CB729FFAF0900A85F0D /* XCRemoteSwiftPackageReference "SDWebImage" */ = {
			isa = XCRemoteSwiftPackageReference;
			repositoryURL = "https://github.com/SDWebImage/SDWebImage.git";
			requirement = {
				kind = upToNextMajorVersion;
				minimumVersion = 5.0.0;
			};
		};
		1C2F62892A2103D100DDB4F6 /* XCRemoteSwiftPackageReference "SkeletonView" */ = {
			isa = XCRemoteSwiftPackageReference;
			repositoryURL = "https://github.com/Juanpe/SkeletonView.git";
			requirement = {
				kind = upToNextMajorVersion;
				minimumVersion = 1.0.0;
			};
		};
		1C98051D2A1C7DF7001B1D62 /* XCRemoteSwiftPackageReference "SwiftEntryKit" */ = {
			isa = XCRemoteSwiftPackageReference;
			repositoryURL = "https://github.com/huri000/SwiftEntryKit.git";
			requirement = {
				kind = upToNextMajorVersion;
				minimumVersion = 2.0.0;
			};
		};
		1CDD30A12A1E872100189953 /* XCRemoteSwiftPackageReference "MessageKit" */ = {
			isa = XCRemoteSwiftPackageReference;
			repositoryURL = "https://github.com/MessageKit/MessageKit";
			requirement = {
				kind = upToNextMajorVersion;
				minimumVersion = 4.0.0;
			};
		};
		1CF586862A2768A200BF6D72 /* XCRemoteSwiftPackageReference "LNPopupController" */ = {
			isa = XCRemoteSwiftPackageReference;
			repositoryURL = "https://github.com/LeoNatan/LNPopupController.git";
			requirement = {
				kind = upToNextMajorVersion;
				minimumVersion = 2.0.0;
			};
		};
/* End XCRemoteSwiftPackageReference section */

/* Begin XCSwiftPackageProductDependency section */
		1C055F2B2A14D075009CFDD6 /* FirebaseAnalyticsWithoutAdIdSupport */ = {
			isa = XCSwiftPackageProductDependency;
			package = 1C055F2A2A14D075009CFDD6 /* XCRemoteSwiftPackageReference "firebase-ios-sdk" */;
			productName = FirebaseAnalyticsWithoutAdIdSupport;
		};
		1C055F2D2A14D075009CFDD6 /* FirebaseAuth */ = {
			isa = XCSwiftPackageProductDependency;
			package = 1C055F2A2A14D075009CFDD6 /* XCRemoteSwiftPackageReference "firebase-ios-sdk" */;
			productName = FirebaseAuth;
		};
		1C055F2F2A14D075009CFDD6 /* FirebaseCrashlytics */ = {
			isa = XCSwiftPackageProductDependency;
			package = 1C055F2A2A14D075009CFDD6 /* XCRemoteSwiftPackageReference "firebase-ios-sdk" */;
			productName = FirebaseCrashlytics;
		};
		1C055F312A14D075009CFDD6 /* FirebaseDatabase */ = {
			isa = XCSwiftPackageProductDependency;
			package = 1C055F2A2A14D075009CFDD6 /* XCRemoteSwiftPackageReference "firebase-ios-sdk" */;
			productName = FirebaseDatabase;
		};
		1C055F332A14D075009CFDD6 /* FirebaseFirestore */ = {
			isa = XCSwiftPackageProductDependency;
			package = 1C055F2A2A14D075009CFDD6 /* XCRemoteSwiftPackageReference "firebase-ios-sdk" */;
			productName = FirebaseFirestore;
		};
		1C055F352A14D075009CFDD6 /* FirebaseMessaging */ = {
			isa = XCSwiftPackageProductDependency;
			package = 1C055F2A2A14D075009CFDD6 /* XCRemoteSwiftPackageReference "firebase-ios-sdk" */;
			productName = FirebaseMessaging;
		};
		1C055F372A14D075009CFDD6 /* FirebasePerformance */ = {
			isa = XCSwiftPackageProductDependency;
			package = 1C055F2A2A14D075009CFDD6 /* XCRemoteSwiftPackageReference "firebase-ios-sdk" */;
			productName = FirebasePerformance;
		};
		1C055F392A14D075009CFDD6 /* FirebaseStorage */ = {
			isa = XCSwiftPackageProductDependency;
			package = 1C055F2A2A14D075009CFDD6 /* XCRemoteSwiftPackageReference "firebase-ios-sdk" */;
			productName = FirebaseStorage;
		};
		1C27B0BA2A1BC53E0013CB3E /* NVActivityIndicatorView */ = {
			isa = XCSwiftPackageProductDependency;
			package = 1C27B0B92A1BC53E0013CB3E /* XCRemoteSwiftPackageReference "NVActivityIndicatorView" */;
			productName = NVActivityIndicatorView;
		};
		1C27B0BC2A1BC53E0013CB3E /* NVActivityIndicatorViewExtended */ = {
			isa = XCSwiftPackageProductDependency;
			package = 1C27B0B92A1BC53E0013CB3E /* XCRemoteSwiftPackageReference "NVActivityIndicatorView" */;
			productName = NVActivityIndicatorViewExtended;
		};
		1C2A3CB829FFAF0900A85F0D /* SDWebImage */ = {
			isa = XCSwiftPackageProductDependency;
			package = 1C2A3CB729FFAF0900A85F0D /* XCRemoteSwiftPackageReference "SDWebImage" */;
			productName = SDWebImage;
		};
		1C2F628A2A2103D100DDB4F6 /* SkeletonView */ = {
			isa = XCSwiftPackageProductDependency;
			package = 1C2F62892A2103D100DDB4F6 /* XCRemoteSwiftPackageReference "SkeletonView" */;
			productName = SkeletonView;
		};
		1C98051E2A1C7DF7001B1D62 /* SwiftEntryKit */ = {
			isa = XCSwiftPackageProductDependency;
			package = 1C98051D2A1C7DF7001B1D62 /* XCRemoteSwiftPackageReference "SwiftEntryKit" */;
			productName = SwiftEntryKit;
		};
		1CDD30A22A1E872100189953 /* MessageKit */ = {
			isa = XCSwiftPackageProductDependency;
			package = 1CDD30A12A1E872100189953 /* XCRemoteSwiftPackageReference "MessageKit" */;
			productName = MessageKit;
		};
		1CF586872A2768A200BF6D72 /* LNPopupController */ = {
			isa = XCSwiftPackageProductDependency;
			package = 1CF586862A2768A200BF6D72 /* XCRemoteSwiftPackageReference "LNPopupController" */;
			productName = LNPopupController;
		};
/* End XCSwiftPackageProductDependency section */
	};
	rootObject = 1C2A3C9829FFAEEB00A85F0D /* Project object */;
}
